// !$*UTF8*$!
{
	archiveVersion = 1;
	classes = {
	};
	objectVersion = 77;
	objects = {

/* Begin PBXBuildFile section */
		021E17182DCDEC1200001E98 /* Alamofire in Frameworks */ = {isa = PBXBuildFile; productRef = 021E17172DCDEC1200001E98 /* Alamofire */; };
/* End PBXBuildFile section */

/* Begin PBXContainerItemProxy section */
		02D5EF0A2DCDE5180087A785 /* PBXContainerItemProxy */ = {
			isa = PBXContainerItemProxy;
			containerPortal = 02D5EEF22DCDE5170087A785 /* Project object */;
			proxyType = 1;
			remoteGlobalIDString = 02D5EEF92DCDE5170087A785;
			remoteInfo = "globe-json-parser";
		};
		02D5EF142DCDE5180087A785 /* PBXContainerItemProxy */ = {
			isa = PBXContainerItemProxy;
			containerPortal = 02D5EEF22DCDE5170087A785 /* Project object */;
			proxyType = 1;
			remoteGlobalIDString = 02D5EEF92DCDE5170087A785;
			remoteInfo = "globe-json-parser";
		};
/* End PBXContainerItemProxy section */

/* Begin PBXFileReference section */
		02D5EEFA2DCDE5170087A785 /* globe-json-parser.app */ = {isa = PBXFileReference; explicitFileType = wrapper.application; includeInIndex = 0; path = "globe-json-parser.app"; sourceTree = BUILT_PRODUCTS_DIR; };
		02D5EF092DCDE5180087A785 /* globe-json-parserTests.xctest */ = {isa = PBXFileReference; explicitFileType = wrapper.cfbundle; includeInIndex = 0; path = "globe-json-parserTests.xctest"; sourceTree = BUILT_PRODUCTS_DIR; };
		02D5EF132DCDE5180087A785 /* globe-json-parserUITests.xctest */ = {isa = PBXFileReference; explicitFileType = wrapper.cfbundle; includeInIndex = 0; path = "globe-json-parserUITests.xctest"; sourceTree = BUILT_PRODUCTS_DIR; };
/* End PBXFileReference section */

/* Begin PBXFileSystemSynchronizedRootGroup section */
		02D5EEFC2DCDE5170087A785 /* globe-json-parser */ = {
			isa = PBXFileSystemSynchronizedRootGroup;
			path = "globe-json-parser";
			sourceTree = "<group>";
		};
		02D5EF0C2DCDE5180087A785 /* globe-json-parserTests */ = {
			isa = PBXFileSystemSynchronizedRootGroup;
			path = "globe-json-parserTests";
			sourceTree = "<group>";
		};
		02D5EF162DCDE5180087A785 /* globe-json-parserUITests */ = {
			isa = PBXFileSystemSynchronizedRootGroup;
			path = "globe-json-parserUITests";
			sourceTree = "<group>";
		};
/* End PBXFileSystemSynchronizedRootGroup section */

/* Begin PBXFrameworksBuildPhase section */
		02D5EEF72DCDE5170087A785 /* Frameworks */ = {
			isa = PBXFrameworksBuildPhase;
			buildActionMask = 2147483647;
			files = (
				021E17182DCDEC1200001E98 /* Alamofire in Frameworks */,
			);
			runOnlyForDeploymentPostprocessing = 0;
		};
		02D5EF062DCDE5180087A785 /* Frameworks */ = {
			isa = PBXFrameworksBuildPhase;
			buildActionMask = 2147483647;
			files = (
			);
			runOnlyForDeploymentPostprocessing = 0;
		};
		02D5EF102DCDE5180087A785 /* Frameworks */ = {
			isa = PBXFrameworksBuildPhase;
			buildActionMask = 2147483647;
			files = (
			);
			runOnlyForDeploymentPostprocessing = 0;
		};
/* End PBXFrameworksBuildPhase section */

/* Begin PBXGroup section */
		02D5EEF12DCDE5170087A785 = {
			isa = PBXGroup;
			children = (
				02D5EEFC2DCDE5170087A785 /* globe-json-parser */,
				02D5EF0C2DCDE5180087A785 /* globe-json-parserTests */,
				02D5EF162DCDE5180087A785 /* globe-json-parserUITests */,
				02D5EEFB2DCDE5170087A785 /* Products */,
			);
			sourceTree = "<group>";
		};
		02D5EEFB2DCDE5170087A785 /* Products */ = {
			isa = PBXGroup;
			children = (
				02D5EEFA2DCDE5170087A785 /* globe-json-parser.app */,
				02D5EF092DCDE5180087A785 /* globe-json-parserTests.xctest */,
				02D5EF132DCDE5180087A785 /* globe-json-parserUITests.xctest */,
			);
			name = Products;
			sourceTree = "<group>";
		};
/* End PBXGroup section */

/* Begin PBXNativeTarget section */
		02D5EEF92DCDE5170087A785 /* globe-json-parser */ = {
			isa = PBXNativeTarget;
			buildConfigurationList = 02D5EF1D2DCDE5180087A785 /* Build configuration list for PBXNativeTarget "globe-json-parser" */;
			buildPhases = (
				02D5EEF62DCDE5170087A785 /* Sources */,
				02D5EEF72DCDE5170087A785 /* Frameworks */,
				02D5EEF82DCDE5170087A785 /* Resources */,
			);
			buildRules = (
			);
			dependencies = (
			);
			fileSystemSynchronizedGroups = (
				02D5EEFC2DCDE5170087A785 /* globe-json-parser */,
			);
			name = "globe-json-parser";
			packageProductDependencies = (
				021E17172DCDEC1200001E98 /* Alamofire */,
			);
			productName = "globe-json-parser";
			productReference = 02D5EEFA2DCDE5170087A785 /* globe-json-parser.app */;
			productType = "com.apple.product-type.application";
		};
		02D5EF082DCDE5180087A785 /* globe-json-parserTests */ = {
			isa = PBXNativeTarget;
			buildConfigurationList = 02D5EF202DCDE5180087A785 /* Build configuration list for PBXNativeTarget "globe-json-parserTests" */;
			buildPhases = (
				02D5EF052DCDE5180087A785 /* Sources */,
				02D5EF062DCDE5180087A785 /* Frameworks */,
				02D5EF072DCDE5180087A785 /* Resources */,
			);
			buildRules = (
			);
			dependencies = (
				02D5EF0B2DCDE5180087A785 /* PBXTargetDependency */,
			);
			fileSystemSynchronizedGroups = (
				02D5EF0C2DCDE5180087A785 /* globe-json-parserTests */,
			);
			name = "globe-json-parserTests";
			packageProductDependencies = (
			);
			productName = "globe-json-parserTests";
			productReference = 02D5EF092DCDE5180087A785 /* globe-json-parserTests.xctest */;
			productType = "com.apple.product-type.bundle.unit-test";
		};
		02D5EF122DCDE5180087A785 /* globe-json-parserUITests */ = {
			isa = PBXNativeTarget;
			buildConfigurationList = 02D5EF232DCDE5180087A785 /* Build configuration list for PBXNativeTarget "globe-json-parserUITests" */;
			buildPhases = (
				02D5EF0F2DCDE5180087A785 /* Sources */,
				02D5EF102DCDE5180087A785 /* Frameworks */,
				02D5EF112DCDE5180087A785 /* Resources */,
			);
			buildRules = (
			);
			dependencies = (
				02D5EF152DCDE5180087A785 /* PBXTargetDependency */,
			);
			fileSystemSynchronizedGroups = (
				02D5EF162DCDE5180087A785 /* globe-json-parserUITests */,
			);
			name = "globe-json-parserUITests";
			packageProductDependencies = (
			);
			productName = "globe-json-parserUITests";
			productReference = 02D5EF132DCDE5180087A785 /* globe-json-parserUITests.xctest */;
			productType = "com.apple.product-type.bundle.ui-testing";
		};
/* End PBXNativeTarget section */

/* Begin PBXProject section */
		02D5EEF22DCDE5170087A785 /* Project object */ = {
			isa = PBXProject;
			attributes = {
				BuildIndependentTargetsInParallel = 1;
				LastSwiftUpdateCheck = 1630;
				LastUpgradeCheck = 1630;
				TargetAttributes = {
					02D5EEF92DCDE5170087A785 = {
						CreatedOnToolsVersion = 16.3;
					};
					02D5EF082DCDE5180087A785 = {
						CreatedOnToolsVersion = 16.3;
						TestTargetID = 02D5EEF92DCDE5170087A785;
					};
					02D5EF122DCDE5180087A785 = {
						CreatedOnToolsVersion = 16.3;
						TestTargetID = 02D5EEF92DCDE5170087A785;
					};
				};
			};
			buildConfigurationList = 02D5EEF52DCDE5170087A785 /* Build configuration list for PBXProject "globe-json-parser" */;
			developmentRegion = en;
			hasScannedForEncodings = 0;
			knownRegions = (
				en,
				Base,
			);
			mainGroup = 02D5EEF12DCDE5170087A785;
			minimizedProjectReferenceProxies = 1;
			packageReferences = (
				021E17162DCDEC1200001E98 /* XCRemoteSwiftPackageReference "Alamofire" */,
			);
			preferredProjectObjectVersion = 77;
			productRefGroup = 02D5EEFB2DCDE5170087A785 /* Products */;
			projectDirPath = "";
			projectRoot = "";
			targets = (
				02D5EEF92DCDE5170087A785 /* globe-json-parser */,
				02D5EF082DCDE5180087A785 /* globe-json-parserTests */,
				02D5EF122DCDE5180087A785 /* globe-json-parserUITests */,
			);
		};
/* End PBXProject section */

/* Begin PBXResourcesBuildPhase section */
		02D5EEF82DCDE5170087A785 /* Resources */ = {
			isa = PBXResourcesBuildPhase;
			buildActionMask = 2147483647;
			files = (
			);
			runOnlyForDeploymentPostprocessing = 0;
		};
		02D5EF072DCDE5180087A785 /* Resources */ = {
			isa = PBXResourcesBuildPhase;
			buildActionMask = 2147483647;
			files = (
			);
			runOnlyForDeploymentPostprocessing = 0;
		};
		02D5EF112DCDE5180087A785 /* Resources */ = {
			isa = PBXResourcesBuildPhase;
			buildActionMask = 2147483647;
			files = (
			);
			runOnlyForDeploymentPostprocessing = 0;
		};
/* End PBXResourcesBuildPhase section */

/* Begin PBXSourcesBuildPhase section */
		02D5EEF62DCDE5170087A785 /* Sources */ = {
			isa = PBXSourcesBuildPhase;
			buildActionMask = 2147483647;
			files = (
			);
			runOnlyForDeploymentPostprocessing = 0;
		};
		02D5EF052DCDE5180087A785 /* Sources */ = {
			isa = PBXSourcesBuildPhase;
			buildActionMask = 2147483647;
			files = (
			);
			runOnlyForDeploymentPostprocessing = 0;
		};
		02D5EF0F2DCDE5180087A785 /* Sources */ = {
			isa = PBXSourcesBuildPhase;
			buildActionMask = 2147483647;
			files = (
			);
			runOnlyForDeploymentPostprocessing = 0;
		};
/* End PBXSourcesBuildPhase section */

/* Begin PBXTargetDependency section */
		02D5EF0B2DCDE5180087A785 /* PBXTargetDependency */ = {
			isa = PBXTargetDependency;
			target = 02D5EEF92DCDE5170087A785 /* globe-json-parser */;
			targetProxy = 02D5EF0A2DCDE5180087A785 /* PBXContainerItemProxy */;
		};
		02D5EF152DCDE5180087A785 /* PBXTargetDependency */ = {
			isa = PBXTargetDependency;
			target = 02D5EEF92DCDE5170087A785 /* globe-json-parser */;
			targetProxy = 02D5EF142DCDE5180087A785 /* PBXContainerItemProxy */;
		};
/* End PBXTargetDependency section */

/* Begin XCBuildConfiguration section */
		02D5EF1B2DCDE5180087A785 /* Debug */ = {
			isa = XCBuildConfiguration;
			buildSettings = {
				ALWAYS_SEARCH_USER_PATHS = NO;
				ASSETCATALOG_COMPILER_GENERATE_SWIFT_ASSET_SYMBOL_EXTENSIONS = YES;
				CLANG_ANALYZER_NONNULL = YES;
				CLANG_ANALYZER_NUMBER_OBJECT_CONVERSION = YES_AGGRESSIVE;
				CLANG_CXX_LANGUAGE_STANDARD = "gnu++20";
				CLANG_ENABLE_MODULES = YES;
				CLANG_ENABLE_OBJC_ARC = YES;
				CLANG_ENABLE_OBJC_WEAK = YES;
				CLANG_WARN_BLOCK_CAPTURE_AUTORELEASING = YES;
				CLANG_WARN_BOOL_CONVERSION = YES;
				CLANG_WARN_COMMA = YES;
				CLANG_WARN_CONSTANT_CONVERSION = YES;
				CLANG_WARN_DEPRECATED_OBJC_IMPLEMENTATIONS = YES;
				CLANG_WARN_DIRECT_OBJC_ISA_USAGE = YES_ERROR;
				CLANG_WARN_DOCUMENTATION_COMMENTS = YES;
				CLANG_WARN_EMPTY_BODY = YES;
				CLANG_WARN_ENUM_CONVERSION = YES;
				CLANG_WARN_INFINITE_RECURSION = YES;
				CLANG_WARN_INT_CONVERSION = YES;
				CLANG_WARN_NON_LITERAL_NULL_CONVERSION = YES;
				CLANG_WARN_OBJC_IMPLICIT_RETAIN_SELF = YES;
				CLANG_WARN_OBJC_LITERAL_CONVERSION = YES;
				CLANG_WARN_OBJC_ROOT_CLASS = YES_ERROR;
				CLANG_WARN_QUOTED_INCLUDE_IN_FRAMEWORK_HEADER = YES;
				CLANG_WARN_RANGE_LOOP_ANALYSIS = YES;
				CLANG_WARN_STRICT_PROTOTYPES = YES;
				CLANG_WARN_SUSPICIOUS_MOVE = YES;
				CLANG_WARN_UNGUARDED_AVAILABILITY = YES_AGGRESSIVE;
				CLANG_WARN_UNREACHABLE_CODE = YES;
				CLANG_WARN__DUPLICATE_METHOD_MATCH = YES;
				COPY_PHASE_STRIP = NO;
				DEBUG_INFORMATION_FORMAT = dwarf;
				DEVELOPMENT_TEAM = 62PUSDV4P2;
				ENABLE_STRICT_OBJC_MSGSEND = YES;
				ENABLE_TESTABILITY = YES;
				ENABLE_USER_SCRIPT_SANDBOXING = YES;
				GCC_C_LANGUAGE_STANDARD = gnu17;
				GCC_DYNAMIC_NO_PIC = NO;
				GCC_NO_COMMON_BLOCKS = YES;
				GCC_OPTIMIZATION_LEVEL = 0;
				GCC_PREPROCESSOR_DEFINITIONS = (
					"DEBUG=1",
					"$(inherited)",
				);
				GCC_WARN_64_TO_32_BIT_CONVERSION = YES;
				GCC_WARN_ABOUT_RETURN_TYPE = YES_ERROR;
				GCC_WARN_UNDECLARED_SELECTOR = YES;
				GCC_WARN_UNINITIALIZED_AUTOS = YES_AGGRESSIVE;
				GCC_WARN_UNUSED_FUNCTION = YES;
				GCC_WARN_UNUSED_VARIABLE = YES;
				IPHONEOS_DEPLOYMENT_TARGET = 18.4;
				LOCALIZATION_PREFERS_STRING_CATALOGS = YES;
				MTL_ENABLE_DEBUG_INFO = INCLUDE_SOURCE;
				MTL_FAST_MATH = YES;
				ONLY_ACTIVE_ARCH = YES;
				SDKROOT = iphoneos;
				SWIFT_ACTIVE_COMPILATION_CONDITIONS = "DEBUG $(inherited)";
				SWIFT_OPTIMIZATION_LEVEL = "-Onone";
			};
			name = Debug;
		};
		02D5EF1C2DCDE5180087A785 /* Release */ = {
			isa = XCBuildConfiguration;
			buildSettings = {
				ALWAYS_SEARCH_USER_PATHS = NO;
				ASSETCATALOG_COMPILER_GENERATE_SWIFT_ASSET_SYMBOL_EXTENSIONS = YES;
				CLANG_ANALYZER_NONNULL = YES;
				CLANG_ANALYZER_NUMBER_OBJECT_CONVERSION = YES_AGGRESSIVE;
				CLANG_CXX_LANGUAGE_STANDARD = "gnu++20";
				CLANG_ENABLE_MODULES = YES;
				CLANG_ENABLE_OBJC_ARC = YES;
				CLANG_ENABLE_OBJC_WEAK = YES;
				CLANG_WARN_BLOCK_CAPTURE_AUTORELEASING = YES;
				CLANG_WARN_BOOL_CONVERSION = YES;
				CLANG_WARN_COMMA = YES;
				CLANG_WARN_CONSTANT_CONVERSION = YES;
				CLANG_WARN_DEPRECATED_OBJC_IMPLEMENTATIONS = YES;
				CLANG_WARN_DIRECT_OBJC_ISA_USAGE = YES_ERROR;
				CLANG_WARN_DOCUMENTATION_COMMENTS = YES;
				CLANG_WARN_EMPTY_BODY = YES;
				CLANG_WARN_ENUM_CONVERSION = YES;
				CLANG_WARN_INFINITE_RECURSION = YES;
				CLANG_WARN_INT_CONVERSION = YES;
				CLANG_WARN_NON_LITERAL_NULL_CONVERSION = YES;
				CLANG_WARN_OBJC_IMPLICIT_RETAIN_SELF = YES;
				CLANG_WARN_OBJC_LITERAL_CONVERSION = YES;
				CLANG_WARN_OBJC_ROOT_CLASS = YES_ERROR;
				CLANG_WARN_QUOTED_INCLUDE_IN_FRAMEWORK_HEADER = YES;
				CLANG_WARN_RANGE_LOOP_ANALYSIS = YES;
				CLANG_WARN_STRICT_PROTOTYPES = YES;
				CLANG_WARN_SUSPICIOUS_MOVE = YES;
				CLANG_WARN_UNGUARDED_AVAILABILITY = YES_AGGRESSIVE;
				CLANG_WARN_UNREACHABLE_CODE = YES;
				CLANG_WARN__DUPLICATE_METHOD_MATCH = YES;
				COPY_PHASE_STRIP = NO;
				DEBUG_INFORMATION_FORMAT = "dwarf-with-dsym";
				DEVELOPMENT_TEAM = 62PUSDV4P2;
				ENABLE_NS_ASSERTIONS = NO;
				ENABLE_STRICT_OBJC_MSGSEND = YES;
				ENABLE_USER_SCRIPT_SANDBOXING = YES;
				GCC_C_LANGUAGE_STANDARD = gnu17;
				GCC_NO_COMMON_BLOCKS = YES;
				GCC_WARN_64_TO_32_BIT_CONVERSION = YES;
				GCC_WARN_ABOUT_RETURN_TYPE = YES_ERROR;
				GCC_WARN_UNDECLARED_SELECTOR = YES;
				GCC_WARN_UNINITIALIZED_AUTOS = YES_AGGRESSIVE;
				GCC_WARN_UNUSED_FUNCTION = YES;
				GCC_WARN_UNUSED_VARIABLE = YES;
				IPHONEOS_DEPLOYMENT_TARGET = 18.4;
				LOCALIZATION_PREFERS_STRING_CATALOGS = YES;
				MTL_ENABLE_DEBUG_INFO = NO;
				MTL_FAST_MATH = YES;
				SDKROOT = iphoneos;
				SWIFT_COMPILATION_MODE = wholemodule;
				VALIDATE_PRODUCT = YES;
			};
			name = Release;
		};
		02D5EF1E2DCDE5180087A785 /* Debug */ = {
			isa = XCBuildConfiguration;
			buildSettings = {
				ASSETCATALOG_COMPILER_APPICON_NAME = AppIcon;
				ASSETCATALOG_COMPILER_GLOBAL_ACCENT_COLOR_NAME = AccentColor;
				CODE_SIGN_STYLE = Automatic;
				CURRENT_PROJECT_VERSION = 1;
				DEVELOPMENT_TEAM = 62PUSDV4P2;
				ENABLE_PREVIEWS = YES;
				GENERATE_INFOPLIST_FILE = YES;
				INFOPLIST_KEY_UIApplicationSceneManifest_Generation = YES;
				INFOPLIST_KEY_UIApplicationSupportsIndirectInputEvents = YES;
				INFOPLIST_KEY_UILaunchScreen_Generation = YES;
				INFOPLIST_KEY_UISupportedInterfaceOrientations_iPad = "UIInterfaceOrientationPortrait UIInterfaceOrientationPortraitUpsideDown UIInterfaceOrientationLandscapeLeft UIInterfaceOrientationLandscapeRight";
				INFOPLIST_KEY_UISupportedInterfaceOrientations_iPhone = "UIInterfaceOrientationPortrait UIInterfaceOrientationLandscapeLeft UIInterfaceOrientationLandscapeRight";
				IPHONEOS_DEPLOYMENT_TARGET = 17.0;
				LD_RUNPATH_SEARCH_PATHS = (
					"$(inherited)",
					"@executable_path/Frameworks",
				);
				MARKETING_VERSION = 1.0;
				PRODUCT_BUNDLE_IDENTIFIER = "com.j-andylim83.globe-json-parser";
				PRODUCT_NAME = "$(TARGET_NAME)";
				SWIFT_EMIT_LOC_STRINGS = YES;
				SWIFT_VERSION = 5.0;
				TARGETED_DEVICE_FAMILY = "1,2";
			};
			name = Debug;
		};
		02D5EF1F2DCDE5180087A785 /* Release */ = {
			isa = XCBuildConfiguration;
			buildSettings = {
				ASSETCATALOG_COMPILER_APPICON_NAME = AppIcon;
				ASSETCATALOG_COMPILER_GLOBAL_ACCENT_COLOR_NAME = AccentColor;
				CODE_SIGN_STYLE = Automatic;
				CURRENT_PROJECT_VERSION = 1;
				DEVELOPMENT_TEAM = 62PUSDV4P2;
				ENABLE_PREVIEWS = YES;
				GENERATE_INFOPLIST_FILE = YES;
				INFOPLIST_KEY_UIApplicationSceneManifest_Generation = YES;
				INFOPLIST_KEY_UIApplicationSupportsIndirectInputEvents = YES;
				INFOPLIST_KEY_UILaunchScreen_Generation = YES;
				INFOPLIST_KEY_UISupportedInterfaceOrientations_iPad = "UIInterfaceOrientationPortrait UIInterfaceOrientationPortraitUpsideDown UIInterfaceOrientationLandscapeLeft UIInterfaceOrientationLandscapeRight";
				INFOPLIST_KEY_UISupportedInterfaceOrientations_iPhone = "UIInterfaceOrientationPortrait UIInterfaceOrientationLandscapeLeft UIInterfaceOrientationLandscapeRight";
				IPHONEOS_DEPLOYMENT_TARGET = 17.0;
				LD_RUNPATH_SEARCH_PATHS = (
					"$(inherited)",
					"@executable_path/Frameworks",
				);
				MARKETING_VERSION = 1.0;
				PRODUCT_BUNDLE_IDENTIFIER = "com.j-andylim83.globe-json-parser";
				PRODUCT_NAME = "$(TARGET_NAME)";
				SWIFT_EMIT_LOC_STRINGS = YES;
				SWIFT_VERSION = 5.0;
				TARGETED_DEVICE_FAMILY = "1,2";
			};
			name = Release;
		};
		02D5EF212DCDE5180087A785 /* Debug */ = {
			isa = XCBuildConfiguration;
			buildSettings = {
				BUNDLE_LOADER = "$(TEST_HOST)";
				CODE_SIGN_STYLE = Automatic;
				CURRENT_PROJECT_VERSION = 1;
				DEVELOPMENT_TEAM = 62PUSDV4P2;
				GENERATE_INFOPLIST_FILE = YES;
				IPHONEOS_DEPLOYMENT_TARGET = 18.4;
				MARKETING_VERSION = 1.0;
				PRODUCT_BUNDLE_IDENTIFIER = "com.j-andylim83.globe-json-parserTests";
				PRODUCT_NAME = "$(TARGET_NAME)";
				SWIFT_EMIT_LOC_STRINGS = NO;
				SWIFT_VERSION = 5.0;
				TARGETED_DEVICE_FAMILY = "1,2";
				TEST_HOST = "$(BUILT_PRODUCTS_DIR)/globe-json-parser.app/$(BUNDLE_EXECUTABLE_FOLDER_PATH)/globe-json-parser";
			};
			name = Debug;
		};
		02D5EF222DCDE5180087A785 /* Release */ = {
			isa = XCBuildConfiguration;
			buildSettings = {
				BUNDLE_LOADER = "$(TEST_HOST)";
				CODE_SIGN_STYLE = Automatic;
				CURRENT_PROJECT_VERSION = 1;
				DEVELOPMENT_TEAM = 62PUSDV4P2;
				GENERATE_INFOPLIST_FILE = YES;
				IPHONEOS_DEPLOYMENT_TARGET = 18.4;
				MARKETING_VERSION = 1.0;
				PRODUCT_BUNDLE_IDENTIFIER = "com.j-andylim83.globe-json-parserTests";
				PRODUCT_NAME = "$(TARGET_NAME)";
				SWIFT_EMIT_LOC_STRINGS = NO;
				SWIFT_VERSION = 5.0;
				TARGETED_DEVICE_FAMILY = "1,2";
				TEST_HOST = "$(BUILT_PRODUCTS_DIR)/globe-json-parser.app/$(BUNDLE_EXECUTABLE_FOLDER_PATH)/globe-json-parser";
			};
			name = Release;
		};
		02D5EF242DCDE5180087A785 /* Debug */ = {
			isa = XCBuildConfiguration;
			buildSettings = {
				CODE_SIGN_STYLE = Automatic;
				CURRENT_PROJECT_VERSION = 1;
				DEVELOPMENT_TEAM = 62PUSDV4P2;
				GENERATE_INFOPLIST_FILE = YES;
				MARKETING_VERSION = 1.0;
				PRODUCT_BUNDLE_IDENTIFIER = "com.j-andylim83.globe-json-parserUITests";
				PRODUCT_NAME = "$(TARGET_NAME)";
				SWIFT_EMIT_LOC_STRINGS = NO;
				SWIFT_VERSION = 5.0;
				TARGETED_DEVICE_FAMILY = "1,2";
				TEST_TARGET_NAME = "globe-json-parser";
			};
			name = Debug;
		};
		02D5EF252DCDE5180087A785 /* Release */ = {
			isa = XCBuildConfiguration;
			buildSettings = {
				CODE_SIGN_STYLE = Automatic;
				CURRENT_PROJECT_VERSION = 1;
				DEVELOPMENT_TEAM = 62PUSDV4P2;
				GENERATE_INFOPLIST_FILE = YES;
				MARKETING_VERSION = 1.0;
				PRODUCT_BUNDLE_IDENTIFIER = "com.j-andylim83.globe-json-parserUITests";
				PRODUCT_NAME = "$(TARGET_NAME)";
				SWIFT_EMIT_LOC_STRINGS = NO;
				SWIFT_VERSION = 5.0;
				TARGETED_DEVICE_FAMILY = "1,2";
				TEST_TARGET_NAME = "globe-json-parser";
			};
			name = Release;
		};
/* End XCBuildConfiguration section */

/* Begin XCConfigurationList section */
		02D5EEF52DCDE5170087A785 /* Build configuration list for PBXProject "globe-json-parser" */ = {
			isa = XCConfigurationList;
			buildConfigurations = (
				02D5EF1B2DCDE5180087A785 /* Debug */,
				02D5EF1C2DCDE5180087A785 /* Release */,
			);
			defaultConfigurationIsVisible = 0;
			defaultConfigurationName = Release;
		};
		02D5EF1D2DCDE5180087A785 /* Build configuration list for PBXNativeTarget "globe-json-parser" */ = {
			isa = XCConfigurationList;
			buildConfigurations = (
				02D5EF1E2DCDE5180087A785 /* Debug */,
				02D5EF1F2DCDE5180087A785 /* Release */,
			);
			defaultConfigurationIsVisible = 0;
			defaultConfigurationName = Release;
		};
		02D5EF202DCDE5180087A785 /* Build configuration list for PBXNativeTarget "globe-json-parserTests" */ = {
			isa = XCConfigurationList;
			buildConfigurations = (
				02D5EF212DCDE5180087A785 /* Debug */,
				02D5EF222DCDE5180087A785 /* Release */,
			);
			defaultConfigurationIsVisible = 0;
			defaultConfigurationName = Release;
		};
		02D5EF232DCDE5180087A785 /* Build configuration list for PBXNativeTarget "globe-json-parserUITests" */ = {
			isa = XCConfigurationList;
			buildConfigurations = (
				02D5EF242DCDE5180087A785 /* Debug */,
				02D5EF252DCDE5180087A785 /* Release */,
			);
			defaultConfigurationIsVisible = 0;
			defaultConfigurationName = Release;
		};
/* End XCConfigurationList section */

/* Begin XCRemoteSwiftPackageReference section */
		021E17162DCDEC1200001E98 /* XCRemoteSwiftPackageReference "Alamofire" */ = {
			isa = XCRemoteSwiftPackageReference;
			repositoryURL = "https://github.com/Alamofire/Alamofire.git";
			requirement = {
				kind = upToNextMajorVersion;
				minimumVersion = 5.10.2;
			};
		};
/* End XCRemoteSwiftPackageReference section */

/* Begin XCSwiftPackageProductDependency section */
		021E17172DCDEC1200001E98 /* Alamofire */ = {
			isa = XCSwiftPackageProductDependency;
			package = 021E17162DCDEC1200001E98 /* XCRemoteSwiftPackageReference "Alamofire" */;
			productName = Alamofire;
		};
/* End XCSwiftPackageProductDependency section */
	};
	rootObject = 02D5EEF22DCDE5170087A785 /* Project object */;
}
